
Microsoft Visual Studio Solution File, Format Version 12.00
# Visual Studio Version 17
VisualStudioVersion = 17.0.31903.59
MinimumVisualStudioVersion = 10.0.40219.1
Project("{2150E333-8FDC-42A3-9474-1A3956D46DE8}") = "src", "src", "{827E0CD3-B72D-47B6-A68D-7590B98EB39B}"
EndProject
Project("{2150E333-8FDC-42A3-9474-1A3956D46DE8}") = "NailToolInventory.Web", "NailToolInventory.Web", "{820B6077-73DD-40B0-991F-6A213253B6EB}"
EndProject
Project("{FAE04EC0-301F-11D3-BF4B-00C04F79EFBC}") = "NailToolInventory", "src\NailToolInventory.Web\NailToolInventory.csproj", "{3B38C968-6DE7-4129-A3DF-F7647E1DDCD0}"
EndProject
Project("{2150E333-8FDC-42A3-9474-1A3956D46DE8}") = "tests", "tests", "{0AB3BF05-4346-4AA6-1389-037BE0695223}"
EndProject
Project("{FAE04EC0-301F-11D3-BF4B-00C04F79EFBC}") = "NailToolInventory.Tests", "tests\NailToolInventory.Tests\NailToolInventory.Tests.csproj", "{CE45A177-B0A7-46E5-8EC5-49DAD5911616}"
EndProject
Global
	GlobalSection(SolutionConfigurationPlatforms) = preSolution
		Debug|Any CPU = Debug|Any CPU
		Debug|x64 = Debug|x64
		Debug|x86 = Debug|x86
		Release|Any CPU = Release|Any CPU
		Release|x64 = Release|x64
		Release|x86 = Release|x86
	EndGlobalSection
	GlobalSection(ProjectConfigurationPlatforms) = postSolution
		{3B38C968-6DE7-4129-A3DF-F7647E1DDCD0}.Debug|Any CPU.ActiveCfg = Debug|Any CPU
		{3B38C968-6DE7-4129-A3DF-F7647E1DDCD0}.Debug|Any CPU.Build.0 = Debug|Any CPU
		{3B38C968-6DE7-4129-A3DF-F7647E1DDCD0}.Debug|x64.ActiveCfg = Debug|Any CPU
		{3B38C968-6DE7-4129-A3DF-F7647E1DDCD0}.Debug|x64.Build.0 = Debug|Any CPU
		{3B38C968-6DE7-4129-A3DF-F7647E1DDCD0}.Debug|x86.ActiveCfg = Debug|Any CPU
		{3B38C968-6DE7-4129-A3DF-F7647E1DDCD0}.Debug|x86.Build.0 = Debug|Any CPU
		{3B38C968-6DE7-4129-A3DF-F7647E1DDCD0}.Release|Any CPU.ActiveCfg = Release|Any CPU
		{3B38C968-6DE7-4129-A3DF-F7647E1DDCD0}.Release|Any CPU.Build.0 = Release|Any CPU
		{3B38C968-6DE7-4129-A3DF-F7647E1DDCD0}.Release|x64.ActiveCfg = Release|Any CPU
		{3B38C968-6DE7-4129-A3DF-F7647E1DDCD0}.Release|x64.Build.0 = Release|Any CPU
		{3B38C968-6DE7-4129-A3DF-F7647E1DDCD0}.Release|x86.ActiveCfg = Release|Any CPU
		{3B38C968-6DE7-4129-A3DF-F7647E1DDCD0}.Release|x86.Build.0 = Release|Any CPU
		{CE45A177-B0A7-46E5-8EC5-49DAD5911616}.Debug|Any CPU.ActiveCfg = Debug|Any CPU
		{CE45A177-B0A7-46E5-8EC5-49DAD5911616}.Debug|Any CPU.Build.0 = Debug|Any CPU
		{CE45A177-B0A7-46E5-8EC5-49DAD5911616}.Debug|x64.ActiveCfg = Debug|Any CPU
		{CE45A177-B0A7-46E5-8EC5-49DAD5911616}.Debug|x64.Build.0 = Debug|Any CPU
		{CE45A177-B0A7-46E5-8EC5-49DAD5911616}.Debug|x86.ActiveCfg = Debug|Any CPU
		{CE45A177-B0A7-46E5-8EC5-49DAD5911616}.Debug|x86.Build.0 = Debug|Any CPU
		{CE45A177-B0A7-46E5-8EC5-49DAD5911616}.Release|Any CPU.ActiveCfg = Release|Any CPU
		{CE45A177-B0A7-46E5-8EC5-49DAD5911616}.Release|Any CPU.Build.0 = Release|Any CPU
		{CE45A177-B0A7-46E5-8EC5-49DAD5911616}.Release|x64.ActiveCfg = Release|Any CPU
		{CE45A177-B0A7-46E5-8EC5-49DAD5911616}.Release|x64.Build.0 = Release|Any CPU
		{CE45A177-B0A7-46E5-8EC5-49DAD5911616}.Release|x86.ActiveCfg = Release|Any CPU
		{CE45A177-B0A7-46E5-8EC5-49DAD5911616}.Release|x86.Build.0 = Release|Any CPU
	EndGlobalSection
	GlobalSection(SolutionProperties) = preSolution
		HideSolutionNode = FALSE
	EndGlobalSection
	GlobalSection(NestedProjects) = preSolution
		{820B6077-73DD-40B0-991F-6A213253B6EB} = {827E0CD3-B72D-47B6-A68D-7590B98EB39B}
		{3B38C968-6DE7-4129-A3DF-F7647E1DDCD0} = {820B6077-73DD-40B0-991F-6A213253B6EB}
		{CE45A177-B0A7-46E5-8EC5-49DAD5911616} = {0AB3BF05-4346-4AA6-1389-037BE0695223}
	EndGlobalSection
EndGlobal
